
Microsoft Visual Studio Solution File, Format Version 12.00
# Visual Studio Version 17
VisualStudioVersion = 17.8.34309.116
MinimumVisualStudioVersion = 10.0.40219.1
Project("{FAE04EC0-301F-11D3-BF4B-00C04F79EFBC}") = "UI_Design_Project", "UI_Design_Project\UI_Design_Project.csproj", "{83062377-E01D-4F18-8EF7-04657B7F6AEC}"
EndProject
Global
	GlobalSection(SolutionConfigurationPlatforms) = preSolution
		Debug|Any CPU = Debug|Any CPU
		Release|Any CPU = Release|Any CPU
	EndGlobalSection
	GlobalSection(ProjectConfigurationPlatforms) = postSolution
		{83062377-E01D-4F18-8EF7-04657B7F6AEC}.Debug|Any CPU.ActiveCfg = Debug|Any CPU
		{83062377-E01D-4F18-8EF7-04657B7F6AEC}.Debug|Any CPU.Build.0 = Debug|Any CPU
		{83062377-E01D-4F18-8EF7-04657B7F6AEC}.Release|Any CPU.ActiveCfg = Release|Any CPU
		{83062377-E01D-4F18-8EF7-04657B7F6AEC}.Release|Any CPU.Build.0 = Release|Any CPU
	EndGlobalSection
	GlobalSection(SolutionProperties) = preSolution
		HideSolutionNode = FALSE
	EndGlobalSection
	GlobalSection(ExtensibilityGlobals) = postSolution
		SolutionGuid = {6FD94A31-2EB9-434F-8E89-E521FE55E4EF}
	EndGlobalSection
EndGlobal
