
Microsoft Visual Studio Solution File, Format Version 12.00
# Visual Studio Version 17
VisualStudioVersion = 17.8.34309.116
MinimumVisualStudioVersion = 10.0.40219.1
Project("{FAE04EC0-301F-11D3-BF4B-00C04F79EFBC}") = "Dark_Recruitment_Dashboard_Project", "Dark_Recruitment_Dashboard_Project\Dark_Recruitment_Dashboard_Project.csproj", "{2542EB2C-083F-492A-BA3E-51BB10131B63}"
EndProject
Global
	GlobalSection(SolutionConfigurationPlatforms) = preSolution
		Debug|Any CPU = Debug|Any CPU
		Release|Any CPU = Release|Any CPU
	EndGlobalSection
	GlobalSection(ProjectConfigurationPlatforms) = postSolution
		{2542EB2C-083F-492A-BA3E-51BB10131B63}.Debug|Any CPU.ActiveCfg = Debug|Any CPU
		{2542EB2C-083F-492A-BA3E-51BB10131B63}.Debug|Any CPU.Build.0 = Debug|Any CPU
		{2542EB2C-083F-492A-BA3E-51BB10131B63}.Release|Any CPU.ActiveCfg = Release|Any CPU
		{2542EB2C-083F-492A-BA3E-51BB10131B63}.Release|Any CPU.Build.0 = Release|Any CPU
	EndGlobalSection
	GlobalSection(SolutionProperties) = preSolution
		HideSolutionNode = FALSE
	EndGlobalSection
	GlobalSection(ExtensibilityGlobals) = postSolution
		SolutionGuid = {16668248-2A7B-4D7E-A679-E355047DA452}
	EndGlobalSection
EndGlobal
